{
  "object": {
    "pins": [
      {
        "package": "Defaults",
        "repositoryURL": "https://github.com/sindresorhus/Defaults",
        "state": {
          "branch": null,
          "revision": "d98119fee49c893fae553103a8659ffe003b6cfe",
          "version": "4.1.0"
        }
      },
      {
        "package": "LaunchAtLogin",
        "repositoryURL": "https://github.com/sindresorhus/LaunchAtLogin",
        "state": {
          "branch": null,
          "revision": "0f39982b9d6993eef253b81219d3c39ba1e680f3",
          "version": "4.0.0"
        }
      },
      {
        "package": "MenuBuilder",
        "repositoryURL": "https://github.com/j-f1/MenuBuilder",
        "state": {
          "branch": null,
          "revision": "05712fcad493eed481605f3984151b1bb050fa2f",
          "version": "1.2.0"
        }
      },
      {
        "package": "Preferences",
        "repositoryURL": "https://github.com/sindresorhus/Preferences",
        "state": {
          "branch": null,
          "revision": "886324b2f1ba58d9cda745a6dd53253179d73433",
          "version": "2.2.1"
        }
      }
    ]
  },
  "version": 1
}
