// !$*UTF8*$!
{
	archiveVersion = 1;
	classes = {
	};
	objectVersion = 52;
	objects = {

/* Begin PBXBuildFile section */
		85BB5335259D1F2A00F0AC19 /* DevicePickerView.swift in Sources */ = {isa = PBXBuildFile; fileRef = 85BB5334259D1F2A00F0AC19 /* DevicePickerView.swift */; };
		85BB5337259D1F2C00F0AC19 /* Assets.xcassets in Resources */ = {isa = PBXBuildFile; fileRef = 85BB5336259D1F2C00F0AC19 /* Assets.xcassets */; };
		85BB533A259D1F2C00F0AC19 /* Preview Assets.xcassets in Resources */ = {isa = PBXBuildFile; fileRef = 85BB5339259D1F2C00F0AC19 /* Preview Assets.xcassets */; };
		85BB5344259D1F8B00F0AC19 /* AudioSwitch.swift in Sources */ = {isa = PBXBuildFile; fileRef = 85BB5343259D1F8B00F0AC19 /* AudioSwitch.swift */; };
		85C4DCF2259D7A07005FF96F /* Defaults in Frameworks */ = {isa = PBXBuildFile; productRef = 85C4DCF1259D7A07005FF96F /* Defaults */; };
		85C4DCF5259E0405005FF96F /* AppDelegate.swift in Sources */ = {isa = PBXBuildFile; fileRef = 85C4DCF4259E0405005FF96F /* AppDelegate.swift */; };
		85C4DCF8259E04EE005FF96F /* StatusBarController.swift in Sources */ = {isa = PBXBuildFile; fileRef = 85C4DCF7259E04EE005FF96F /* StatusBarController.swift */; };
		85C4DCFB259E07EF005FF96F /* Defaults.swift in Sources */ = {isa = PBXBuildFile; fileRef = 85C4DCFA259E07EF005FF96F /* Defaults.swift */; };
		85F1D0D6259E6AA9001831C0 /* MenuBuilder in Frameworks */ = {isa = PBXBuildFile; productRef = 85F1D0D5259E6AA9001831C0 /* MenuBuilder */; };
		85F1D0DF259E756C001831C0 /* Main.storyboard in Resources */ = {isa = PBXBuildFile; fileRef = 85F1D0DC259E754D001831C0 /* Main.storyboard */; };
		85F1D0E4259F863D001831C0 /* IconPickerView.swift in Sources */ = {isa = PBXBuildFile; fileRef = 85F1D0E3259F863D001831C0 /* IconPickerView.swift */; };
		85F1D0EB259FBCDD001831C0 /* SettingsView.swift in Sources */ = {isa = PBXBuildFile; fileRef = 85F1D0E6259F8B19001831C0 /* SettingsView.swift */; };
		85F1D0F225A0D2B3001831C0 /* AboutScreen in Frameworks */ = {isa = PBXBuildFile; productRef = 85F1D0F125A0D2B3001831C0 /* AboutScreen */; };
		85F1D0F525A0D2C4001831C0 /* AboutScreen.swift in Sources */ = {isa = PBXBuildFile; fileRef = 85F1D0F425A0D2C4001831C0 /* AboutScreen.swift */; };
		85F1D0F925A0D5C2001831C0 /* TransientWindowController.swift in Sources */ = {isa = PBXBuildFile; fileRef = 85F1D0F825A0D5C2001831C0 /* TransientWindowController.swift */; };
/* End PBXBuildFile section */

/* Begin PBXFileReference section */
		85BB532F259D1F2A00F0AC19 /* Instant Audio Switcher.app */ = {isa = PBXFileReference; explicitFileType = wrapper.application; includeInIndex = 0; path = "Instant Audio Switcher.app"; sourceTree = BUILT_PRODUCTS_DIR; };
		85BB5334259D1F2A00F0AC19 /* DevicePickerView.swift */ = {isa = PBXFileReference; lastKnownFileType = sourcecode.swift; path = DevicePickerView.swift; sourceTree = "<group>"; };
		85BB5336259D1F2C00F0AC19 /* Assets.xcassets */ = {isa = PBXFileReference; lastKnownFileType = folder.assetcatalog; path = Assets.xcassets; sourceTree = "<group>"; };
		85BB5339259D1F2C00F0AC19 /* Preview Assets.xcassets */ = {isa = PBXFileReference; lastKnownFileType = folder.assetcatalog; path = "Preview Assets.xcassets"; sourceTree = "<group>"; };
		85BB533B259D1F2C00F0AC19 /* Info.plist */ = {isa = PBXFileReference; lastKnownFileType = text.plist.xml; path = Info.plist; sourceTree = "<group>"; };
		85BB533C259D1F2C00F0AC19 /* Instant_Audio_Switcher.entitlements */ = {isa = PBXFileReference; lastKnownFileType = text.plist.entitlements; path = Instant_Audio_Switcher.entitlements; sourceTree = "<group>"; };
		85BB5343259D1F8B00F0AC19 /* AudioSwitch.swift */ = {isa = PBXFileReference; lastKnownFileType = sourcecode.swift; path = AudioSwitch.swift; sourceTree = "<group>"; };
		85C4DCF4259E0405005FF96F /* AppDelegate.swift */ = {isa = PBXFileReference; lastKnownFileType = sourcecode.swift; path = AppDelegate.swift; sourceTree = "<group>"; };
		85C4DCF7259E04EE005FF96F /* StatusBarController.swift */ = {isa = PBXFileReference; lastKnownFileType = sourcecode.swift; path = StatusBarController.swift; sourceTree = "<group>"; };
		85C4DCFA259E07EF005FF96F /* Defaults.swift */ = {isa = PBXFileReference; lastKnownFileType = sourcecode.swift; path = Defaults.swift; sourceTree = "<group>"; };
		85F1D0DC259E754D001831C0 /* Main.storyboard */ = {isa = PBXFileReference; lastKnownFileType = file.storyboard; path = Main.storyboard; sourceTree = "<group>"; };
		85F1D0E3259F863D001831C0 /* IconPickerView.swift */ = {isa = PBXFileReference; lastKnownFileType = sourcecode.swift; path = IconPickerView.swift; sourceTree = "<group>"; };
		85F1D0E6259F8B19001831C0 /* SettingsView.swift */ = {isa = PBXFileReference; lastKnownFileType = sourcecode.swift; path = SettingsView.swift; sourceTree = "<group>"; };
		85F1D0F425A0D2C4001831C0 /* AboutScreen.swift */ = {isa = PBXFileReference; lastKnownFileType = sourcecode.swift; path = AboutScreen.swift; sourceTree = "<group>"; };
		85F1D0F825A0D5C2001831C0 /* TransientWindowController.swift */ = {isa = PBXFileReference; fileEncoding = 4; lastKnownFileType = sourcecode.swift; path = TransientWindowController.swift; sourceTree = "<group>"; };
/* End PBXFileReference section */

/* Begin PBXFrameworksBuildPhase section */
		85BB532C259D1F2A00F0AC19 /* Frameworks */ = {
			isa = PBXFrameworksBuildPhase;
			buildActionMask = 2147483647;
			files = (
				85C4DCF2259D7A07005FF96F /* Defaults in Frameworks */,
				85F1D0D6259E6AA9001831C0 /* MenuBuilder in Frameworks */,
				85F1D0F225A0D2B3001831C0 /* AboutScreen in Frameworks */,
			);
			runOnlyForDeploymentPostprocessing = 0;
		};
/* End PBXFrameworksBuildPhase section */

/* Begin PBXGroup section */
		85BB5326259D1F2A00F0AC19 = {
			isa = PBXGroup;
			children = (
				85BB5331259D1F2A00F0AC19 /* Instant Audio Switcher */,
				85BB5330259D1F2A00F0AC19 /* Products */,
			);
			sourceTree = "<group>";
		};
		85BB5330259D1F2A00F0AC19 /* Products */ = {
			isa = PBXGroup;
			children = (
				85BB532F259D1F2A00F0AC19 /* Instant Audio Switcher.app */,
			);
			name = Products;
			sourceTree = "<group>";
		};
		85BB5331259D1F2A00F0AC19 /* Instant Audio Switcher */ = {
			isa = PBXGroup;
			children = (
				85F1D0E6259F8B19001831C0 /* SettingsView.swift */,
				85F1D0E3259F863D001831C0 /* IconPickerView.swift */,
				85C4DCF7259E04EE005FF96F /* StatusBarController.swift */,
				85BB5334259D1F2A00F0AC19 /* DevicePickerView.swift */,
				85C4DCFA259E07EF005FF96F /* Defaults.swift */,
				85C4DCF4259E0405005FF96F /* AppDelegate.swift */,
				85F1D0F425A0D2C4001831C0 /* AboutScreen.swift */,
				85F1D0F825A0D5C2001831C0 /* TransientWindowController.swift */,
				85BB5343259D1F8B00F0AC19 /* AudioSwitch.swift */,
				85F1D0DC259E754D001831C0 /* Main.storyboard */,
				85BB5336259D1F2C00F0AC19 /* Assets.xcassets */,
				85BB533B259D1F2C00F0AC19 /* Info.plist */,
				85BB533C259D1F2C00F0AC19 /* Instant_Audio_Switcher.entitlements */,
				85BB5338259D1F2C00F0AC19 /* Preview Content */,
			);
			path = "Instant Audio Switcher";
			sourceTree = "<group>";
		};
		85BB5338259D1F2C00F0AC19 /* Preview Content */ = {
			isa = PBXGroup;
			children = (
				85BB5339259D1F2C00F0AC19 /* Preview Assets.xcassets */,
			);
			path = "Preview Content";
			sourceTree = "<group>";
		};
/* End PBXGroup section */

/* Begin PBXNativeTarget section */
		85BB532E259D1F2A00F0AC19 /* Instant Audio Switcher */ = {
			isa = PBXNativeTarget;
			buildConfigurationList = 85BB533F259D1F2C00F0AC19 /* Build configuration list for PBXNativeTarget "Instant Audio Switcher" */;
			buildPhases = (
				85BB532B259D1F2A00F0AC19 /* Sources */,
				85BB532C259D1F2A00F0AC19 /* Frameworks */,
				85BB532D259D1F2A00F0AC19 /* Resources */,
			);
			buildRules = (
			);
			dependencies = (
			);
			name = "Instant Audio Switcher";
			packageProductDependencies = (
				85C4DCF1259D7A07005FF96F /* Defaults */,
				85F1D0D5259E6AA9001831C0 /* MenuBuilder */,
				85F1D0F125A0D2B3001831C0 /* AboutScreen */,
			);
			productName = "Instant Audio Switcher";
			productReference = 85BB532F259D1F2A00F0AC19 /* Instant Audio Switcher.app */;
			productType = "com.apple.product-type.application";
		};
/* End PBXNativeTarget section */

/* Begin PBXProject section */
		85BB5327259D1F2A00F0AC19 /* Project object */ = {
			isa = PBXProject;
			attributes = {
				LastSwiftUpdateCheck = 1220;
				LastUpgradeCheck = 1220;
				TargetAttributes = {
					85BB532E259D1F2A00F0AC19 = {
						CreatedOnToolsVersion = 12.2;
					};
				};
			};
			buildConfigurationList = 85BB532A259D1F2A00F0AC19 /* Build configuration list for PBXProject "Instant Audio Switcher" */;
			compatibilityVersion = "Xcode 9.3";
			developmentRegion = en;
			hasScannedForEncodings = 0;
			knownRegions = (
				en,
				Base,
			);
			mainGroup = 85BB5326259D1F2A00F0AC19;
			packageReferences = (
				85C4DCF0259D7A07005FF96F /* XCRemoteSwiftPackageReference "Defaults" */,
				85F1D0D4259E6AA9001831C0 /* XCRemoteSwiftPackageReference "MenuBuilder" */,
				85F1D0F025A0D2B3001831C0 /* XCRemoteSwiftPackageReference "AboutScreen" */,
			);
			productRefGroup = 85BB5330259D1F2A00F0AC19 /* Products */;
			projectDirPath = "";
			projectRoot = "";
			targets = (
				85BB532E259D1F2A00F0AC19 /* Instant Audio Switcher */,
			);
		};
/* End PBXProject section */

/* Begin PBXResourcesBuildPhase section */
		85BB532D259D1F2A00F0AC19 /* Resources */ = {
			isa = PBXResourcesBuildPhase;
			buildActionMask = 2147483647;
			files = (
				85BB533A259D1F2C00F0AC19 /* Preview Assets.xcassets in Resources */,
				85BB5337259D1F2C00F0AC19 /* Assets.xcassets in Resources */,
				85F1D0DF259E756C001831C0 /* Main.storyboard in Resources */,
			);
			runOnlyForDeploymentPostprocessing = 0;
		};
/* End PBXResourcesBuildPhase section */

/* Begin PBXSourcesBuildPhase section */
		85BB532B259D1F2A00F0AC19 /* Sources */ = {
			isa = PBXSourcesBuildPhase;
			buildActionMask = 2147483647;
			files = (
				85F1D0EB259FBCDD001831C0 /* SettingsView.swift in Sources */,
				85F1D0F925A0D5C2001831C0 /* TransientWindowController.swift in Sources */,
				85C4DCF5259E0405005FF96F /* AppDelegate.swift in Sources */,
				85BB5344259D1F8B00F0AC19 /* AudioSwitch.swift in Sources */,
				85BB5335259D1F2A00F0AC19 /* DevicePickerView.swift in Sources */,
				85C4DCFB259E07EF005FF96F /* Defaults.swift in Sources */,
				85C4DCF8259E04EE005FF96F /* StatusBarController.swift in Sources */,
				85F1D0E4259F863D001831C0 /* IconPickerView.swift in Sources */,
				85F1D0F525A0D2C4001831C0 /* AboutScreen.swift in Sources */,
			);
			runOnlyForDeploymentPostprocessing = 0;
		};
/* End PBXSourcesBuildPhase section */

/* Begin XCBuildConfiguration section */
		85BB533D259D1F2C00F0AC19 /* Debug */ = {
			isa = XCBuildConfiguration;
			buildSettings = {
				ALWAYS_SEARCH_USER_PATHS = NO;
				CLANG_ANALYZER_NONNULL = YES;
				CLANG_ANALYZER_NUMBER_OBJECT_CONVERSION = YES_AGGRESSIVE;
				CLANG_CXX_LANGUAGE_STANDARD = "gnu++14";
				CLANG_CXX_LIBRARY = "libc++";
				CLANG_ENABLE_MODULES = YES;
				CLANG_ENABLE_OBJC_ARC = YES;
				CLANG_ENABLE_OBJC_WEAK = YES;
				CLANG_WARN_BLOCK_CAPTURE_AUTORELEASING = YES;
				CLANG_WARN_BOOL_CONVERSION = YES;
				CLANG_WARN_COMMA = YES;
				CLANG_WARN_CONSTANT_CONVERSION = YES;
				CLANG_WARN_DEPRECATED_OBJC_IMPLEMENTATIONS = YES;
				CLANG_WARN_DIRECT_OBJC_ISA_USAGE = YES_ERROR;
				CLANG_WARN_DOCUMENTATION_COMMENTS = YES;
				CLANG_WARN_EMPTY_BODY = YES;
				CLANG_WARN_ENUM_CONVERSION = YES;
				CLANG_WARN_INFINITE_RECURSION = YES;
				CLANG_WARN_INT_CONVERSION = YES;
				CLANG_WARN_NON_LITERAL_NULL_CONVERSION = YES;
				CLANG_WARN_OBJC_IMPLICIT_RETAIN_SELF = YES;
				CLANG_WARN_OBJC_LITERAL_CONVERSION = YES;
				CLANG_WARN_OBJC_ROOT_CLASS = YES_ERROR;
				CLANG_WARN_QUOTED_INCLUDE_IN_FRAMEWORK_HEADER = YES;
				CLANG_WARN_RANGE_LOOP_ANALYSIS = YES;
				CLANG_WARN_STRICT_PROTOTYPES = YES;
				CLANG_WARN_SUSPICIOUS_MOVE = YES;
				CLANG_WARN_UNGUARDED_AVAILABILITY = YES_AGGRESSIVE;
				CLANG_WARN_UNREACHABLE_CODE = YES;
				CLANG_WARN__DUPLICATE_METHOD_MATCH = YES;
				COPY_PHASE_STRIP = NO;
				DEBUG_INFORMATION_FORMAT = dwarf;
				ENABLE_STRICT_OBJC_MSGSEND = YES;
				ENABLE_TESTABILITY = YES;
				GCC_C_LANGUAGE_STANDARD = gnu11;
				GCC_DYNAMIC_NO_PIC = NO;
				GCC_NO_COMMON_BLOCKS = YES;
				GCC_OPTIMIZATION_LEVEL = 0;
				GCC_PREPROCESSOR_DEFINITIONS = (
					"DEBUG=1",
					"$(inherited)",
				);
				GCC_WARN_64_TO_32_BIT_CONVERSION = YES;
				GCC_WARN_ABOUT_RETURN_TYPE = YES_ERROR;
				GCC_WARN_UNDECLARED_SELECTOR = YES;
				GCC_WARN_UNINITIALIZED_AUTOS = YES_AGGRESSIVE;
				GCC_WARN_UNUSED_FUNCTION = YES;
				GCC_WARN_UNUSED_VARIABLE = YES;
				MACOSX_DEPLOYMENT_TARGET = 11.0;
				MTL_ENABLE_DEBUG_INFO = INCLUDE_SOURCE;
				MTL_FAST_MATH = YES;
				ONLY_ACTIVE_ARCH = YES;
				SDKROOT = macosx;
				SWIFT_ACTIVE_COMPILATION_CONDITIONS = DEBUG;
				SWIFT_OPTIMIZATION_LEVEL = "-Onone";
			};
			name = Debug;
		};
		85BB533E259D1F2C00F0AC19 /* Release */ = {
			isa = XCBuildConfiguration;
			buildSettings = {
				ALWAYS_SEARCH_USER_PATHS = NO;
				CLANG_ANALYZER_NONNULL = YES;
				CLANG_ANALYZER_NUMBER_OBJECT_CONVERSION = YES_AGGRESSIVE;
				CLANG_CXX_LANGUAGE_STANDARD = "gnu++14";
				CLANG_CXX_LIBRARY = "libc++";
				CLANG_ENABLE_MODULES = YES;
				CLANG_ENABLE_OBJC_ARC = YES;
				CLANG_ENABLE_OBJC_WEAK = YES;
				CLANG_WARN_BLOCK_CAPTURE_AUTORELEASING = YES;
				CLANG_WARN_BOOL_CONVERSION = YES;
				CLANG_WARN_COMMA = YES;
				CLANG_WARN_CONSTANT_CONVERSION = YES;
				CLANG_WARN_DEPRECATED_OBJC_IMPLEMENTATIONS = YES;
				CLANG_WARN_DIRECT_OBJC_ISA_USAGE = YES_ERROR;
				CLANG_WARN_DOCUMENTATION_COMMENTS = YES;
				CLANG_WARN_EMPTY_BODY = YES;
				CLANG_WARN_ENUM_CONVERSION = YES;
				CLANG_WARN_INFINITE_RECURSION = YES;
				CLANG_WARN_INT_CONVERSION = YES;
				CLANG_WARN_NON_LITERAL_NULL_CONVERSION = YES;
				CLANG_WARN_OBJC_IMPLICIT_RETAIN_SELF = YES;
				CLANG_WARN_OBJC_LITERAL_CONVERSION = YES;
				CLANG_WARN_OBJC_ROOT_CLASS = YES_ERROR;
				CLANG_WARN_QUOTED_INCLUDE_IN_FRAMEWORK_HEADER = YES;
				CLANG_WARN_RANGE_LOOP_ANALYSIS = YES;
				CLANG_WARN_STRICT_PROTOTYPES = YES;
				CLANG_WARN_SUSPICIOUS_MOVE = YES;
				CLANG_WARN_UNGUARDED_AVAILABILITY = YES_AGGRESSIVE;
				CLANG_WARN_UNREACHABLE_CODE = YES;
				CLANG_WARN__DUPLICATE_METHOD_MATCH = YES;
				COPY_PHASE_STRIP = NO;
				DEBUG_INFORMATION_FORMAT = "dwarf-with-dsym";
				ENABLE_NS_ASSERTIONS = NO;
				ENABLE_STRICT_OBJC_MSGSEND = YES;
				GCC_C_LANGUAGE_STANDARD = gnu11;
				GCC_NO_COMMON_BLOCKS = YES;
				GCC_WARN_64_TO_32_BIT_CONVERSION = YES;
				GCC_WARN_ABOUT_RETURN_TYPE = YES_ERROR;
				GCC_WARN_UNDECLARED_SELECTOR = YES;
				GCC_WARN_UNINITIALIZED_AUTOS = YES_AGGRESSIVE;
				GCC_WARN_UNUSED_FUNCTION = YES;
				GCC_WARN_UNUSED_VARIABLE = YES;
				MACOSX_DEPLOYMENT_TARGET = 11.0;
				MTL_ENABLE_DEBUG_INFO = NO;
				MTL_FAST_MATH = YES;
				SDKROOT = macosx;
				SWIFT_COMPILATION_MODE = wholemodule;
				SWIFT_OPTIMIZATION_LEVEL = "-O";
			};
			name = Release;
		};
		85BB5340259D1F2C00F0AC19 /* Debug */ = {
			isa = XCBuildConfiguration;
			buildSettings = {
				ASSETCATALOG_COMPILER_APPICON_NAME = AppIcon;
				ASSETCATALOG_COMPILER_GLOBAL_ACCENT_COLOR_NAME = AccentColor;
				CODE_SIGN_ENTITLEMENTS = "Instant Audio Switcher/Instant_Audio_Switcher.entitlements";
				CODE_SIGN_STYLE = Automatic;
				COMBINE_HIDPI_IMAGES = YES;
				DEVELOPMENT_ASSET_PATHS = "\"Instant Audio Switcher/Preview Content\"";
				DEVELOPMENT_TEAM = 288H3WAR3W;
				ENABLE_HARDENED_RUNTIME = YES;
				ENABLE_PREVIEWS = YES;
				INFOPLIST_FILE = "Instant Audio Switcher/Info.plist";
				LD_RUNPATH_SEARCH_PATHS = (
					"$(inherited)",
					"@executable_path/../Frameworks",
				);
				MACOSX_DEPLOYMENT_TARGET = 11.0;
				PRODUCT_BUNDLE_IDENTIFIER = "com.jedfox.Instant-Audio-Switcher";
				PRODUCT_NAME = "$(TARGET_NAME)";
				SWIFT_VERSION = 5.0;
			};
			name = Debug;
		};
		85BB5341259D1F2C00F0AC19 /* Release */ = {
			isa = XCBuildConfiguration;
			buildSettings = {
				ASSETCATALOG_COMPILER_APPICON_NAME = AppIcon;
				ASSETCATALOG_COMPILER_GLOBAL_ACCENT_COLOR_NAME = AccentColor;
				CODE_SIGN_ENTITLEMENTS = "Instant Audio Switcher/Instant_Audio_Switcher.entitlements";
				CODE_SIGN_STYLE = Automatic;
				COMBINE_HIDPI_IMAGES = YES;
				DEVELOPMENT_ASSET_PATHS = "\"Instant Audio Switcher/Preview Content\"";
				DEVELOPMENT_TEAM = 288H3WAR3W;
				ENABLE_HARDENED_RUNTIME = YES;
				ENABLE_PREVIEWS = YES;
				INFOPLIST_FILE = "Instant Audio Switcher/Info.plist";
				LD_RUNPATH_SEARCH_PATHS = (
					"$(inherited)",
					"@executable_path/../Frameworks",
				);
				MACOSX_DEPLOYMENT_TARGET = 11.0;
				PRODUCT_BUNDLE_IDENTIFIER = "com.jedfox.Instant-Audio-Switcher";
				PRODUCT_NAME = "$(TARGET_NAME)";
				SWIFT_VERSION = 5.0;
			};
			name = Release;
		};
/* End XCBuildConfiguration section */

/* Begin XCConfigurationList section */
		85BB532A259D1F2A00F0AC19 /* Build configuration list for PBXProject "Instant Audio Switcher" */ = {
			isa = XCConfigurationList;
			buildConfigurations = (
				85BB533D259D1F2C00F0AC19 /* Debug */,
				85BB533E259D1F2C00F0AC19 /* Release */,
			);
			defaultConfigurationIsVisible = 0;
			defaultConfigurationName = Release;
		};
		85BB533F259D1F2C00F0AC19 /* Build configuration list for PBXNativeTarget "Instant Audio Switcher" */ = {
			isa = XCConfigurationList;
			buildConfigurations = (
				85BB5340259D1F2C00F0AC19 /* Debug */,
				85BB5341259D1F2C00F0AC19 /* Release */,
			);
			defaultConfigurationIsVisible = 0;
			defaultConfigurationName = Release;
		};
/* End XCConfigurationList section */

/* Begin XCRemoteSwiftPackageReference section */
		85C4DCF0259D7A07005FF96F /* XCRemoteSwiftPackageReference "Defaults" */ = {
			isa = XCRemoteSwiftPackageReference;
			repositoryURL = "https://github.com/sindresorhus/Defaults";
			requirement = {
				kind = upToNextMajorVersion;
				minimumVersion = 4.1.0;
			};
		};
		85F1D0D4259E6AA9001831C0 /* XCRemoteSwiftPackageReference "MenuBuilder" */ = {
			isa = XCRemoteSwiftPackageReference;
			repositoryURL = "https://github.com/j-f1/MenuBuilder";
			requirement = {
				kind = upToNextMajorVersion;
				minimumVersion = 1.0.0;
			};
		};
		85F1D0F025A0D2B3001831C0 /* XCRemoteSwiftPackageReference "AboutScreen" */ = {
			isa = XCRemoteSwiftPackageReference;
			repositoryURL = "https://github.com/j-f1/AboutScreen.git";
			requirement = {
				kind = upToNextMajorVersion;
				minimumVersion = 1.5.7;
			};
		};
/* End XCRemoteSwiftPackageReference section */

/* Begin XCSwiftPackageProductDependency section */
		85C4DCF1259D7A07005FF96F /* Defaults */ = {
			isa = XCSwiftPackageProductDependency;
			package = 85C4DCF0259D7A07005FF96F /* XCRemoteSwiftPackageReference "Defaults" */;
			productName = Defaults;
		};
		85F1D0D5259E6AA9001831C0 /* MenuBuilder */ = {
			isa = XCSwiftPackageProductDependency;
			package = 85F1D0D4259E6AA9001831C0 /* XCRemoteSwiftPackageReference "MenuBuilder" */;
			productName = MenuBuilder;
		};
		85F1D0F125A0D2B3001831C0 /* AboutScreen */ = {
			isa = XCSwiftPackageProductDependency;
			package = 85F1D0F025A0D2B3001831C0 /* XCRemoteSwiftPackageReference "AboutScreen" */;
			productName = AboutScreen;
		};
/* End XCSwiftPackageProductDependency section */
	};
	rootObject = 85BB5327259D1F2A00F0AC19 /* Project object */;
}
